
Microsoft Visual Studio Solution File, Format Version 12.00
# Visual Studio Version 17
VisualStudioVersion = 17.9.34701.34
MinimumVisualStudioVersion = 10.0.40219.1
Project("{8BC9CEB8-8B4A-11D0-8D11-00A0C91BC942}") = "ConsoleApplication5", "ConsoleApplication5\ConsoleApplication5.vcxproj", "{A44081F4-DC07-410D-BAC0-34D780BC42F5}"
EndProject
Global
	GlobalSection(SolutionConfigurationPlatforms) = preSolution
		Debug|x64 = Debug|x64
		Debug|x86 = Debug|x86
		Release|x64 = Release|x64
		Release|x86 = Release|x86
	EndGlobalSection
	GlobalSection(ProjectConfigurationPlatforms) = postSolution
		{A44081F4-DC07-410D-BAC0-34D780BC42F5}.Debug|x64.ActiveCfg = Debug|x64
		{A44081F4-DC07-410D-BAC0-34D780BC42F5}.Debug|x64.Build.0 = Debug|x64
		{A44081F4-DC07-410D-BAC0-34D780BC42F5}.Debug|x86.ActiveCfg = Debug|Win32
		{A44081F4-DC07-410D-BAC0-34D780BC42F5}.Debug|x86.Build.0 = Debug|Win32
		{A44081F4-DC07-410D-BAC0-34D780BC42F5}.Release|x64.ActiveCfg = Release|x64
		{A44081F4-DC07-410D-BAC0-34D780BC42F5}.Release|x64.Build.0 = Release|x64
		{A44081F4-DC07-410D-BAC0-34D780BC42F5}.Release|x86.ActiveCfg = Release|Win32
		{A44081F4-DC07-410D-BAC0-34D780BC42F5}.Release|x86.Build.0 = Release|Win32
	EndGlobalSection
	GlobalSection(SolutionProperties) = preSolution
		HideSolutionNode = FALSE
	EndGlobalSection
	GlobalSection(ExtensibilityGlobals) = postSolution
		SolutionGuid = {388D7203-EF6E-4E4F-8EB6-D6D5E654DD49}
	EndGlobalSection
EndGlobal
